Microsoft Visual Studio Solution File, Format Version 12.00
# Visual Studio Version 17
VisualStudioVersion = 17.5.2.0
MinimumVisualStudioVersion = 10.0.40219.1
Project("{2150E333-8FDC-42A3-9474-1A3956D46DE8}") = "src", "src", "{827E0CD3-B72D-47B6-A68D-7590B98EB39B}"
EndProject
Project("{2150E333-8FDC-42A3-9474-1A3956D46DE8}") = "agent-webapp", "agent-webapp", "{17D572A8-5C40-4001-3734-8EB33B4AD1A3}"
EndProject
Project("{FAE04EC0-301F-11D3-BF4B-00C04F79EFBC}") = "AgentWebApp", "src\path1\agent-webapp\AgentWebApp.csproj", "{5AAD11E2-D8FD-6CF5-E68B-78DEEF476C95}"
EndProject
Global
	GlobalSection(SolutionConfigurationPlatforms) = preSolution
		Debug|Any CPU = Debug|Any CPU
		Release|Any CPU = Release|Any CPU
	EndGlobalSection
	GlobalSection(ProjectConfigurationPlatforms) = postSolution
		{5AAD11E2-D8FD-6CF5-E68B-78DEEF476C95}.Debug|Any CPU.ActiveCfg = Debug|Any CPU
		{5AAD11E2-D8FD-6CF5-E68B-78DEEF476C95}.Debug|Any CPU.Build.0 = Debug|Any CPU
		{5AAD11E2-D8FD-6CF5-E68B-78DEEF476C95}.Release|Any CPU.ActiveCfg = Release|Any CPU
		{5AAD11E2-D8FD-6CF5-E68B-78DEEF476C95}.Release|Any CPU.Build.0 = Release|Any CPU
	EndGlobalSection
	GlobalSection(SolutionProperties) = preSolution
		HideSolutionNode = FALSE
	EndGlobalSection
	GlobalSection(NestedProjects) = preSolution
		{17D572A8-5C40-4001-3734-8EB33B4AD1A3} = {827E0CD3-B72D-47B6-A68D-7590B98EB39B}
		{5AAD11E2-D8FD-6CF5-E68B-78DEEF476C95} = {17D572A8-5C40-4001-3734-8EB33B4AD1A3}
	EndGlobalSection
	GlobalSection(ExtensibilityGlobals) = postSolution
		SolutionGuid = {278570F9-599B-4BCC-BB10-5118F5EB6769}
	EndGlobalSection
EndGlobal
